
Microsoft Visual Studio Solution File, Format Version 12.00
# Visual Studio Version 16
VisualStudioVersion = 16.0.30611.23
MinimumVisualStudioVersion = 10.0.40219.1
Project("{FAE04EC0-301F-11D3-BF4B-00C04F79EFBC}") = "AssetStudio", "AssetStudio\AssetStudio.csproj", "{24551E2D-E9B6-4CD6-8F2A-D9F4A13E7853}"
EndProject
Project("{FAE04EC0-301F-11D3-BF4B-00C04F79EFBC}") = "SystemHalf", "thirdparty\SystemHalf\SystemHalf.csproj", "{8E79039E-85DD-4ED4-9C3C-2FB2D8CB8324}"
EndProject
Global
	GlobalSection(SolutionConfigurationPlatforms) = preSolution
		Debug|Any CPU = Debug|Any CPU
		Debug|x86 = Debug|x86
		Release|Any CPU = Release|Any CPU
		Release|x86 = Release|x86
	EndGlobalSection
	GlobalSection(ProjectConfigurationPlatforms) = postSolution
		{24551E2D-E9B6-4CD6-8F2A-D9F4A13E7853}.Debug|Any CPU.ActiveCfg = Debug|x86
		{24551E2D-E9B6-4CD6-8F2A-D9F4A13E7853}.Debug|x86.ActiveCfg = Debug|x86
		{24551E2D-E9B6-4CD6-8F2A-D9F4A13E7853}.Debug|x86.Build.0 = Debug|x86
		{24551E2D-E9B6-4CD6-8F2A-D9F4A13E7853}.Release|Any CPU.ActiveCfg = Release|x86
		{24551E2D-E9B6-4CD6-8F2A-D9F4A13E7853}.Release|x86.ActiveCfg = Release|x86
		{24551E2D-E9B6-4CD6-8F2A-D9F4A13E7853}.Release|x86.Build.0 = Release|x86
		{8E79039E-85DD-4ED4-9C3C-2FB2D8CB8324}.Debug|Any CPU.ActiveCfg = Debug|Any CPU
		{8E79039E-85DD-4ED4-9C3C-2FB2D8CB8324}.Debug|Any CPU.Build.0 = Debug|Any CPU
		{8E79039E-85DD-4ED4-9C3C-2FB2D8CB8324}.Debug|x86.ActiveCfg = Debug|Any CPU
		{8E79039E-85DD-4ED4-9C3C-2FB2D8CB8324}.Debug|x86.Build.0 = Debug|Any CPU
		{8E79039E-85DD-4ED4-9C3C-2FB2D8CB8324}.Release|Any CPU.ActiveCfg = Release|Any CPU
		{8E79039E-85DD-4ED4-9C3C-2FB2D8CB8324}.Release|Any CPU.Build.0 = Release|Any CPU
		{8E79039E-85DD-4ED4-9C3C-2FB2D8CB8324}.Release|x86.ActiveCfg = Release|Any CPU
		{8E79039E-85DD-4ED4-9C3C-2FB2D8CB8324}.Release|x86.Build.0 = Release|Any CPU
	EndGlobalSection
	GlobalSection(SolutionProperties) = preSolution
		HideSolutionNode = FALSE
	EndGlobalSection
	GlobalSection(ExtensibilityGlobals) = postSolution
		SolutionGuid = {08189501-F88C-4EE0-AB61-D84C344075C3}
	EndGlobalSection
EndGlobal
